// !$*UTF8*$!
{
	archiveVersion = 1;
	classes = {
	};
	objectVersion = 55;
	objects = {

/* Begin PBXBuildFile section */
		DA505C44276E599D00ECDDB1 /* LIBERApp.swift in Sources */ = {isa = PBXBuildFile; fileRef = DA505C43276E599D00ECDDB1 /* LIBERApp.swift */; };
		DA505C46276E599D00ECDDB1 /* ContentView.swift in Sources */ = {isa = PBXBuildFile; fileRef = DA505C45276E599D00ECDDB1 /* ContentView.swift */; };
		DA505C48276E59A000ECDDB1 /* Assets.xcassets in Resources */ = {isa = PBXBuildFile; fileRef = DA505C47276E59A000ECDDB1 /* Assets.xcassets */; };
		DA505C4B276E59A000ECDDB1 /* Preview Assets.xcassets in Resources */ = {isa = PBXBuildFile; fileRef = DA505C4A276E59A000ECDDB1 /* Preview Assets.xcassets */; };
		DA505C55276E624000ECDDB1 /* Home.swift in Sources */ = {isa = PBXBuildFile; fileRef = DA505C54276E624000ECDDB1 /* Home.swift */; };
		DA505C59276E687F00ECDDB1 /* Extensions.swift in Sources */ = {isa = PBXBuildFile; fileRef = DA505C58276E687F00ECDDB1 /* Extensions.swift */; };
		DA505C5B276E6D8B00ECDDB1 /* Login.swift in Sources */ = {isa = PBXBuildFile; fileRef = DA505C5A276E6D8B00ECDDB1 /* Login.swift */; };
		DA505C5D276E6D9500ECDDB1 /* SignUp.swift in Sources */ = {isa = PBXBuildFile; fileRef = DA505C5C276E6D9500ECDDB1 /* SignUp.swift */; };
		DA505C5F276FE20C00ECDDB1 /* GoogleService-Info.plist in Resources */ = {isa = PBXBuildFile; fileRef = DA505C5E276FE20B00ECDDB1 /* GoogleService-Info.plist */; };
		DA982320278612580074D719 /* Book.swift in Sources */ = {isa = PBXBuildFile; fileRef = DA98231F278612580074D719 /* Book.swift */; };
		DA982323278612E90074D719 /* APIService.swift in Sources */ = {isa = PBXBuildFile; fileRef = DA982322278612E90074D719 /* APIService.swift */; };
		DA982326278613410074D719 /* APIError.swift in Sources */ = {isa = PBXBuildFile; fileRef = DA982325278613410074D719 /* APIError.swift */; };
		DA982328278616340074D719 /* BookViewModel.swift in Sources */ = {isa = PBXBuildFile; fileRef = DA982327278616340074D719 /* BookViewModel.swift */; };
		DA98232B278618600074D719 /* LoadingView.swift in Sources */ = {isa = PBXBuildFile; fileRef = DA98232A278618600074D719 /* LoadingView.swift */; };
		DA98232D278618700074D719 /* ErrorView.swift in Sources */ = {isa = PBXBuildFile; fileRef = DA98232C278618700074D719 /* ErrorView.swift */; };
		DA98232F2786187D0074D719 /* BookListView.swift in Sources */ = {isa = PBXBuildFile; fileRef = DA98232E2786187D0074D719 /* BookListView.swift */; };
		DA982331278656320074D719 /* SplashScreen.swift in Sources */ = {isa = PBXBuildFile; fileRef = DA982330278656310074D719 /* SplashScreen.swift */; };
		DAC138C727A1A768008FDA99 /* ContactListVIew.swift in Sources */ = {isa = PBXBuildFile; fileRef = DAC138C627A1A767008FDA99 /* ContactListVIew.swift */; };
		DAC138C927A1A92B008FDA99 /* ContactViewModel.swift in Sources */ = {isa = PBXBuildFile; fileRef = DAC138C827A1A92B008FDA99 /* ContactViewModel.swift */; };
		DAC138CB27A1A95C008FDA99 /* ContactManager.swift in Sources */ = {isa = PBXBuildFile; fileRef = DAC138CA27A1A95C008FDA99 /* ContactManager.swift */; };
		DAC138CD27A1AB99008FDA99 /* AddNewContact.swift in Sources */ = {isa = PBXBuildFile; fileRef = DAC138CC27A1AB99008FDA99 /* AddNewContact.swift */; };
		DAF1ADBD27A1CD360065D64A /* ContactContainer.xcdatamodeld in Sources */ = {isa = PBXBuildFile; fileRef = DAF1ADBB27A1CD350065D64A /* ContactContainer.xcdatamodeld */; };
		DAF1ADC127A1D0630065D64A /* CoreDataViewModel.swift in Sources */ = {isa = PBXBuildFile; fileRef = DAF1ADC027A1D0630065D64A /* CoreDataViewModel.swift */; };
		DAF1ADC327A1DC650065D64A /* UpdateContactView.swift in Sources */ = {isa = PBXBuildFile; fileRef = DAF1ADC227A1DC640065D64A /* UpdateContactView.swift */; };
		DAFEB5492774DD3200E20B0A /* FirebaseAuth in Frameworks */ = {isa = PBXBuildFile; productRef = DAFEB5482774DD3200E20B0A /* FirebaseAuth */; };
		DAFEB54B2774DD3200E20B0A /* FirebaseFirestore in Frameworks */ = {isa = PBXBuildFile; productRef = DAFEB54A2774DD3200E20B0A /* FirebaseFirestore */; };
		DAFEB54D2774DD3200E20B0A /* FirebaseFirestoreSwift-Beta in Frameworks */ = {isa = PBXBuildFile; productRef = DAFEB54C2774DD3200E20B0A /* FirebaseFirestoreSwift-Beta */; };
		DAFEB54F2774DD3200E20B0A /* FirebaseMessaging in Frameworks */ = {isa = PBXBuildFile; productRef = DAFEB54E2774DD3200E20B0A /* FirebaseMessaging */; };
		DAFEB5512774DD3200E20B0A /* FirebaseStorage in Frameworks */ = {isa = PBXBuildFile; productRef = DAFEB5502774DD3200E20B0A /* FirebaseStorage */; };
		DAFEB5532774DD3200E20B0A /* FirebaseStorageSwift-Beta in Frameworks */ = {isa = PBXBuildFile; productRef = DAFEB5522774DD3200E20B0A /* FirebaseStorageSwift-Beta */; };
		DAFEB5562774DEF200E20B0A /* FirebaseManager.swift in Sources */ = {isa = PBXBuildFile; fileRef = DAFEB5552774DEF200E20B0A /* FirebaseManager.swift */; };
		DAFEB5582774EF9E00E20B0A /* ImagePicker.swift in Sources */ = {isa = PBXBuildFile; fileRef = DAFEB5572774EF9E00E20B0A /* ImagePicker.swift */; };
		DAFEB55B2774F36B00E20B0A /* Constants.swift in Sources */ = {isa = PBXBuildFile; fileRef = DAFEB55A2774F36B00E20B0A /* Constants.swift */; };
		DAFEB55D277CE11100E20B0A /* FirebaseAppManager.swift in Sources */ = {isa = PBXBuildFile; fileRef = DAFEB55C277CE11000E20B0A /* FirebaseAppManager.swift */; };
		DAFEB55F277CE29A00E20B0A /* UserViewModel.swift in Sources */ = {isa = PBXBuildFile; fileRef = DAFEB55E277CE29900E20B0A /* UserViewModel.swift */; };
		DAFEB562277CE48600E20B0A /* Enums.swift in Sources */ = {isa = PBXBuildFile; fileRef = DAFEB561277CE48600E20B0A /* Enums.swift */; };
		DAFEB564277CE5E100E20B0A /* MainHomeView.swift in Sources */ = {isa = PBXBuildFile; fileRef = DAFEB563277CE5E100E20B0A /* MainHomeView.swift */; };
		DAFEB566277CE9EA00E20B0A /* User.swift in Sources */ = {isa = PBXBuildFile; fileRef = DAFEB565277CE9E900E20B0A /* User.swift */; };
		DAFEB569277CEE6D00E20B0A /* SDWebImageSwiftUI in Frameworks */ = {isa = PBXBuildFile; productRef = DAFEB568277CEE6D00E20B0A /* SDWebImageSwiftUI */; };
/* End PBXBuildFile section */

/* Begin PBXFileReference section */
		DA505C40276E599C00ECDDB1 /* LIBER.app */ = {isa = PBXFileReference; explicitFileType = wrapper.application; includeInIndex = 0; path = LIBER.app; sourceTree = BUILT_PRODUCTS_DIR; };
		DA505C43276E599D00ECDDB1 /* LIBERApp.swift */ = {isa = PBXFileReference; lastKnownFileType = sourcecode.swift; path = LIBERApp.swift; sourceTree = "<group>"; };
		DA505C45276E599D00ECDDB1 /* ContentView.swift */ = {isa = PBXFileReference; lastKnownFileType = sourcecode.swift; path = ContentView.swift; sourceTree = "<group>"; };
		DA505C47276E59A000ECDDB1 /* Assets.xcassets */ = {isa = PBXFileReference; lastKnownFileType = folder.assetcatalog; path = Assets.xcassets; sourceTree = "<group>"; };
		DA505C4A276E59A000ECDDB1 /* Preview Assets.xcassets */ = {isa = PBXFileReference; lastKnownFileType = folder.assetcatalog; path = "Preview Assets.xcassets"; sourceTree = "<group>"; };
		DA505C54276E624000ECDDB1 /* Home.swift */ = {isa = PBXFileReference; lastKnownFileType = sourcecode.swift; path = Home.swift; sourceTree = "<group>"; };
		DA505C58276E687F00ECDDB1 /* Extensions.swift */ = {isa = PBXFileReference; lastKnownFileType = sourcecode.swift; path = Extensions.swift; sourceTree = "<group>"; };
		DA505C5A276E6D8B00ECDDB1 /* Login.swift */ = {isa = PBXFileReference; lastKnownFileType = sourcecode.swift; path = Login.swift; sourceTree = "<group>"; };
		DA505C5C276E6D9500ECDDB1 /* SignUp.swift */ = {isa = PBXFileReference; lastKnownFileType = sourcecode.swift; path = SignUp.swift; sourceTree = "<group>"; };
		DA505C5E276FE20B00ECDDB1 /* GoogleService-Info.plist */ = {isa = PBXFileReference; fileEncoding = 4; lastKnownFileType = text.plist.xml; path = "GoogleService-Info.plist"; sourceTree = "<group>"; };
		DA505C60276FE22700ECDDB1 /* Info.plist */ = {isa = PBXFileReference; lastKnownFileType = text.plist; path = Info.plist; sourceTree = "<group>"; };
		DA98231F278612580074D719 /* Book.swift */ = {isa = PBXFileReference; lastKnownFileType = sourcecode.swift; path = Book.swift; sourceTree = "<group>"; };
		DA982322278612E90074D719 /* APIService.swift */ = {isa = PBXFileReference; lastKnownFileType = sourcecode.swift; path = APIService.swift; sourceTree = "<group>"; };
		DA982325278613410074D719 /* APIError.swift */ = {isa = PBXFileReference; lastKnownFileType = sourcecode.swift; path = APIError.swift; sourceTree = "<group>"; };
		DA982327278616340074D719 /* BookViewModel.swift */ = {isa = PBXFileReference; lastKnownFileType = sourcecode.swift; path = BookViewModel.swift; sourceTree = "<group>"; };
		DA98232A278618600074D719 /* LoadingView.swift */ = {isa = PBXFileReference; lastKnownFileType = sourcecode.swift; path = LoadingView.swift; sourceTree = "<group>"; };
		DA98232C278618700074D719 /* ErrorView.swift */ = {isa = PBXFileReference; lastKnownFileType = sourcecode.swift; path = ErrorView.swift; sourceTree = "<group>"; };
		DA98232E2786187D0074D719 /* BookListView.swift */ = {isa = PBXFileReference; lastKnownFileType = sourcecode.swift; path = BookListView.swift; sourceTree = "<group>"; };
		DA982330278656310074D719 /* SplashScreen.swift */ = {isa = PBXFileReference; lastKnownFileType = sourcecode.swift; path = SplashScreen.swift; sourceTree = "<group>"; };
		DAC138C627A1A767008FDA99 /* ContactListVIew.swift */ = {isa = PBXFileReference; lastKnownFileType = sourcecode.swift; path = ContactListVIew.swift; sourceTree = "<group>"; };
		DAC138C827A1A92B008FDA99 /* ContactViewModel.swift */ = {isa = PBXFileReference; lastKnownFileType = sourcecode.swift; path = ContactViewModel.swift; sourceTree = "<group>"; };
		DAC138CA27A1A95C008FDA99 /* ContactManager.swift */ = {isa = PBXFileReference; lastKnownFileType = sourcecode.swift; path = ContactManager.swift; sourceTree = "<group>"; };
		DAC138CC27A1AB99008FDA99 /* AddNewContact.swift */ = {isa = PBXFileReference; lastKnownFileType = sourcecode.swift; path = AddNewContact.swift; sourceTree = "<group>"; };
		DAF1ADBC27A1CD350065D64A /* Contact.xcdatamodel */ = {isa = PBXFileReference; lastKnownFileType = wrapper.xcdatamodel; path = Contact.xcdatamodel; sourceTree = "<group>"; };
		DAF1ADC027A1D0630065D64A /* CoreDataViewModel.swift */ = {isa = PBXFileReference; lastKnownFileType = sourcecode.swift; path = CoreDataViewModel.swift; sourceTree = "<group>"; };
		DAF1ADC227A1DC640065D64A /* UpdateContactView.swift */ = {isa = PBXFileReference; lastKnownFileType = sourcecode.swift; path = UpdateContactView.swift; sourceTree = "<group>"; };
		DAFEB5552774DEF200E20B0A /* FirebaseManager.swift */ = {isa = PBXFileReference; lastKnownFileType = sourcecode.swift; path = FirebaseManager.swift; sourceTree = "<group>"; };
		DAFEB5572774EF9E00E20B0A /* ImagePicker.swift */ = {isa = PBXFileReference; lastKnownFileType = sourcecode.swift; path = ImagePicker.swift; sourceTree = "<group>"; };
		DAFEB55A2774F36B00E20B0A /* Constants.swift */ = {isa = PBXFileReference; lastKnownFileType = sourcecode.swift; path = Constants.swift; sourceTree = "<group>"; };
		DAFEB55C277CE11000E20B0A /* FirebaseAppManager.swift */ = {isa = PBXFileReference; lastKnownFileType = sourcecode.swift; path = FirebaseAppManager.swift; sourceTree = "<group>"; };
		DAFEB55E277CE29900E20B0A /* UserViewModel.swift */ = {isa = PBXFileReference; lastKnownFileType = sourcecode.swift; path = UserViewModel.swift; sourceTree = "<group>"; };
		DAFEB561277CE48600E20B0A /* Enums.swift */ = {isa = PBXFileReference; lastKnownFileType = sourcecode.swift; path = Enums.swift; sourceTree = "<group>"; };
		DAFEB563277CE5E100E20B0A /* MainHomeView.swift */ = {isa = PBXFileReference; lastKnownFileType = sourcecode.swift; path = MainHomeView.swift; sourceTree = "<group>"; };
		DAFEB565277CE9E900E20B0A /* User.swift */ = {isa = PBXFileReference; lastKnownFileType = sourcecode.swift; path = User.swift; sourceTree = "<group>"; };
/* End PBXFileReference section */

/* Begin PBXFrameworksBuildPhase section */
		DA505C3D276E599C00ECDDB1 /* Frameworks */ = {
			isa = PBXFrameworksBuildPhase;
			buildActionMask = 2147483647;
			files = (
				DAFEB569277CEE6D00E20B0A /* SDWebImageSwiftUI in Frameworks */,
				DAFEB54F2774DD3200E20B0A /* FirebaseMessaging in Frameworks */,
				DAFEB54D2774DD3200E20B0A /* FirebaseFirestoreSwift-Beta in Frameworks */,
				DAFEB5492774DD3200E20B0A /* FirebaseAuth in Frameworks */,
				DAFEB5512774DD3200E20B0A /* FirebaseStorage in Frameworks */,
				DAFEB54B2774DD3200E20B0A /* FirebaseFirestore in Frameworks */,
				DAFEB5532774DD3200E20B0A /* FirebaseStorageSwift-Beta in Frameworks */,
			);
			runOnlyForDeploymentPostprocessing = 0;
		};
/* End PBXFrameworksBuildPhase section */

/* Begin PBXGroup section */
		DA505C37276E599C00ECDDB1 = {
			isa = PBXGroup;
			children = (
				DA505C42276E599C00ECDDB1 /* LIBER */,
				DA505C41276E599C00ECDDB1 /* Products */,
			);
			sourceTree = "<group>";
		};
		DA505C41276E599C00ECDDB1 /* Products */ = {
			isa = PBXGroup;
			children = (
				DA505C40276E599C00ECDDB1 /* LIBER.app */,
			);
			name = Products;
			sourceTree = "<group>";
		};
		DA505C42276E599C00ECDDB1 /* LIBER */ = {
			isa = PBXGroup;
			children = (
				DAF1ADBA27A1CD1E0065D64A /* CoreData */,
				DA505C60276FE22700ECDDB1 /* Info.plist */,
				DA505C56276E684E00ECDDB1 /* Helpers */,
				DA505C53276E61AB00ECDDB1 /* Model */,
				DA505C52276E61A400ECDDB1 /* View */,
				DA505C51276E619500ECDDB1 /* ViewModel */,
				DA505C43276E599D00ECDDB1 /* LIBERApp.swift */,
				DA505C45276E599D00ECDDB1 /* ContentView.swift */,
				DA505C5E276FE20B00ECDDB1 /* GoogleService-Info.plist */,
				DA505C47276E59A000ECDDB1 /* Assets.xcassets */,
				DA505C49276E59A000ECDDB1 /* Preview Content */,
			);
			path = LIBER;
			sourceTree = "<group>";
		};
		DA505C49276E59A000ECDDB1 /* Preview Content */ = {
			isa = PBXGroup;
			children = (
				DA505C4A276E59A000ECDDB1 /* Preview Assets.xcassets */,
			);
			path = "Preview Content";
			sourceTree = "<group>";
		};
		DA505C51276E619500ECDDB1 /* ViewModel */ = {
			isa = PBXGroup;
			children = (
				DAFEB55E277CE29900E20B0A /* UserViewModel.swift */,
				DA982327278616340074D719 /* BookViewModel.swift */,
				DAC138C827A1A92B008FDA99 /* ContactViewModel.swift */,
				DAF1ADC027A1D0630065D64A /* CoreDataViewModel.swift */,
			);
			path = ViewModel;
			sourceTree = "<group>";
		};
		DA505C52276E61A400ECDDB1 /* View */ = {
			isa = PBXGroup;
			children = (
				DA982330278656310074D719 /* SplashScreen.swift */,
				DA505C54276E624000ECDDB1 /* Home.swift */,
				DA505C5A276E6D8B00ECDDB1 /* Login.swift */,
				DA505C5C276E6D9500ECDDB1 /* SignUp.swift */,
				DAFEB563277CE5E100E20B0A /* MainHomeView.swift */,
				DAC138CC27A1AB99008FDA99 /* AddNewContact.swift */,
				DAF1ADC227A1DC640065D64A /* UpdateContactView.swift */,
			);
			path = View;
			sourceTree = "<group>";
		};
		DA505C53276E61AB00ECDDB1 /* Model */ = {
			isa = PBXGroup;
			children = (
				DAFEB565277CE9E900E20B0A /* User.swift */,
				DA98231F278612580074D719 /* Book.swift */,
			);
			path = Model;
			sourceTree = "<group>";
		};
		DA505C56276E684E00ECDDB1 /* Helpers */ = {
			isa = PBXGroup;
			children = (
				DA982329278618440074D719 /* UI */,
				DA982324278613300074D719 /* ErrorHandling */,
				DA982321278612C50074D719 /* Networking */,
				DAFEB560277CE47900E20B0A /* Enums */,
				DAFEB5592774F35900E20B0A /* Constants */,
				DAFEB5542774DED200E20B0A /* Managers */,
				DA505C57276E686700ECDDB1 /* Extensions */,
			);
			path = Helpers;
			sourceTree = "<group>";
		};
		DA505C57276E686700ECDDB1 /* Extensions */ = {
			isa = PBXGroup;
			children = (
				DA505C58276E687F00ECDDB1 /* Extensions.swift */,
			);
			path = Extensions;
			sourceTree = "<group>";
		};
		DA982321278612C50074D719 /* Networking */ = {
			isa = PBXGroup;
			children = (
				DA982322278612E90074D719 /* APIService.swift */,
			);
			path = Networking;
			sourceTree = "<group>";
		};
		DA982324278613300074D719 /* ErrorHandling */ = {
			isa = PBXGroup;
			children = (
				DA982325278613410074D719 /* APIError.swift */,
			);
			path = ErrorHandling;
			sourceTree = "<group>";
		};
		DA982329278618440074D719 /* UI */ = {
			isa = PBXGroup;
			children = (
				DA98232A278618600074D719 /* LoadingView.swift */,
				DA98232C278618700074D719 /* ErrorView.swift */,
				DA98232E2786187D0074D719 /* BookListView.swift */,
				DAC138C627A1A767008FDA99 /* ContactListVIew.swift */,
			);
			path = UI;
			sourceTree = "<group>";
		};
		DAF1ADBA27A1CD1E0065D64A /* CoreData */ = {
			isa = PBXGroup;
			children = (
				DAF1ADBB27A1CD350065D64A /* ContactContainer.xcdatamodeld */,
			);
			path = CoreData;
			sourceTree = "<group>";
		};
		DAFEB5542774DED200E20B0A /* Managers */ = {
			isa = PBXGroup;
			children = (
				DAFEB55C277CE11000E20B0A /* FirebaseAppManager.swift */,
				DAFEB5552774DEF200E20B0A /* FirebaseManager.swift */,
				DAFEB5572774EF9E00E20B0A /* ImagePicker.swift */,
				DAC138CA27A1A95C008FDA99 /* ContactManager.swift */,
			);
			path = Managers;
			sourceTree = "<group>";
		};
		DAFEB5592774F35900E20B0A /* Constants */ = {
			isa = PBXGroup;
			children = (
				DAFEB55A2774F36B00E20B0A /* Constants.swift */,
			);
			path = Constants;
			sourceTree = "<group>";
		};
		DAFEB560277CE47900E20B0A /* Enums */ = {
			isa = PBXGroup;
			children = (
				DAFEB561277CE48600E20B0A /* Enums.swift */,
			);
			path = Enums;
			sourceTree = "<group>";
		};
/* End PBXGroup section */

/* Begin PBXNativeTarget section */
		DA505C3F276E599C00ECDDB1 /* LIBER */ = {
			isa = PBXNativeTarget;
			buildConfigurationList = DA505C4E276E59A000ECDDB1 /* Build configuration list for PBXNativeTarget "LIBER" */;
			buildPhases = (
				DA505C3C276E599C00ECDDB1 /* Sources */,
				DA505C3D276E599C00ECDDB1 /* Frameworks */,
				DA505C3E276E599C00ECDDB1 /* Resources */,
			);
			buildRules = (
			);
			dependencies = (
			);
			name = LIBER;
			packageProductDependencies = (
				DAFEB5482774DD3200E20B0A /* FirebaseAuth */,
				DAFEB54A2774DD3200E20B0A /* FirebaseFirestore */,
				DAFEB54C2774DD3200E20B0A /* FirebaseFirestoreSwift-Beta */,
				DAFEB54E2774DD3200E20B0A /* FirebaseMessaging */,
				DAFEB5502774DD3200E20B0A /* FirebaseStorage */,
				DAFEB5522774DD3200E20B0A /* FirebaseStorageSwift-Beta */,
				DAFEB568277CEE6D00E20B0A /* SDWebImageSwiftUI */,
			);
			productName = LIBER;
			productReference = DA505C40276E599C00ECDDB1 /* LIBER.app */;
			productType = "com.apple.product-type.application";
		};
/* End PBXNativeTarget section */

/* Begin PBXProject section */
		DA505C38276E599C00ECDDB1 /* Project object */ = {
			isa = PBXProject;
			attributes = {
				BuildIndependentTargetsInParallel = 1;
				LastSwiftUpdateCheck = 1320;
				LastUpgradeCheck = 1320;
				TargetAttributes = {
					DA505C3F276E599C00ECDDB1 = {
						CreatedOnToolsVersion = 13.2;
					};
				};
			};
			buildConfigurationList = DA505C3B276E599C00ECDDB1 /* Build configuration list for PBXProject "LIBER" */;
			compatibilityVersion = "Xcode 13.0";
			developmentRegion = en;
			hasScannedForEncodings = 0;
			knownRegions = (
				en,
				Base,
			);
			mainGroup = DA505C37276E599C00ECDDB1;
			packageReferences = (
				DAFEB5472774DD3200E20B0A /* XCRemoteSwiftPackageReference "firebase-ios-sdk" */,
				DAFEB567277CEE6C00E20B0A /* XCRemoteSwiftPackageReference "SDWebImageSwiftUI" */,
			);
			productRefGroup = DA505C41276E599C00ECDDB1 /* Products */;
			projectDirPath = "";
			projectRoot = "";
			targets = (
				DA505C3F276E599C00ECDDB1 /* LIBER */,
			);
		};
/* End PBXProject section */

/* Begin PBXResourcesBuildPhase section */
		DA505C3E276E599C00ECDDB1 /* Resources */ = {
			isa = PBXResourcesBuildPhase;
			buildActionMask = 2147483647;
			files = (
				DA505C4B276E59A000ECDDB1 /* Preview Assets.xcassets in Resources */,
				DA505C48276E59A000ECDDB1 /* Assets.xcassets in Resources */,
				DA505C5F276FE20C00ECDDB1 /* GoogleService-Info.plist in Resources */,
			);
			runOnlyForDeploymentPostprocessing = 0;
		};
/* End PBXResourcesBuildPhase section */

/* Begin PBXSourcesBuildPhase section */
		DA505C3C276E599C00ECDDB1 /* Sources */ = {
			isa = PBXSourcesBuildPhase;
			buildActionMask = 2147483647;
			files = (
				DA505C46276E599D00ECDDB1 /* ContentView.swift in Sources */,
				DAC138C927A1A92B008FDA99 /* ContactViewModel.swift in Sources */,
				DAFEB55F277CE29A00E20B0A /* UserViewModel.swift in Sources */,
				DAC138C727A1A768008FDA99 /* ContactListVIew.swift in Sources */,
				DAF1ADC327A1DC650065D64A /* UpdateContactView.swift in Sources */,
				DA505C5D276E6D9500ECDDB1 /* SignUp.swift in Sources */,
				DAC138CD27A1AB99008FDA99 /* AddNewContact.swift in Sources */,
				DA982326278613410074D719 /* APIError.swift in Sources */,
				DAFEB5562774DEF200E20B0A /* FirebaseManager.swift in Sources */,
				DA982328278616340074D719 /* BookViewModel.swift in Sources */,
				DA982331278656320074D719 /* SplashScreen.swift in Sources */,
				DA505C5B276E6D8B00ECDDB1 /* Login.swift in Sources */,
				DAFEB55D277CE11100E20B0A /* FirebaseAppManager.swift in Sources */,
				DA982323278612E90074D719 /* APIService.swift in Sources */,
				DAF1ADC127A1D0630065D64A /* CoreDataViewModel.swift in Sources */,
				DAFEB566277CE9EA00E20B0A /* User.swift in Sources */,
				DA505C55276E624000ECDDB1 /* Home.swift in Sources */,
				DA982320278612580074D719 /* Book.swift in Sources */,
				DAFEB5582774EF9E00E20B0A /* ImagePicker.swift in Sources */,
				DA505C44276E599D00ECDDB1 /* LIBERApp.swift in Sources */,
				DA505C59276E687F00ECDDB1 /* Extensions.swift in Sources */,
				DA98232D278618700074D719 /* ErrorView.swift in Sources */,
				DAFEB564277CE5E100E20B0A /* MainHomeView.swift in Sources */,
				DAC138CB27A1A95C008FDA99 /* ContactManager.swift in Sources */,
				DAFEB562277CE48600E20B0A /* Enums.swift in Sources */,
				DAF1ADBD27A1CD360065D64A /* ContactContainer.xcdatamodeld in Sources */,
				DA98232B278618600074D719 /* LoadingView.swift in Sources */,
				DA98232F2786187D0074D719 /* BookListView.swift in Sources */,
				DAFEB55B2774F36B00E20B0A /* Constants.swift in Sources */,
			);
			runOnlyForDeploymentPostprocessing = 0;
		};
/* End PBXSourcesBuildPhase section */

/* Begin XCBuildConfiguration section */
		DA505C4C276E59A000ECDDB1 /* Debug */ = {
			isa = XCBuildConfiguration;
			buildSettings = {
				ALWAYS_SEARCH_USER_PATHS = NO;
				CLANG_ANALYZER_NONNULL = YES;
				CLANG_ANALYZER_NUMBER_OBJECT_CONVERSION = YES_AGGRESSIVE;
				CLANG_CXX_LANGUAGE_STANDARD = "gnu++17";
				CLANG_CXX_LIBRARY = "libc++";
				CLANG_ENABLE_MODULES = YES;
				CLANG_ENABLE_OBJC_ARC = YES;
				CLANG_ENABLE_OBJC_WEAK = YES;
				CLANG_WARN_BLOCK_CAPTURE_AUTORELEASING = YES;
				CLANG_WARN_BOOL_CONVERSION = YES;
				CLANG_WARN_COMMA = YES;
				CLANG_WARN_CONSTANT_CONVERSION = YES;
				CLANG_WARN_DEPRECATED_OBJC_IMPLEMENTATIONS = YES;
				CLANG_WARN_DIRECT_OBJC_ISA_USAGE = YES_ERROR;
				CLANG_WARN_DOCUMENTATION_COMMENTS = YES;
				CLANG_WARN_EMPTY_BODY = YES;
				CLANG_WARN_ENUM_CONVERSION = YES;
				CLANG_WARN_INFINITE_RECURSION = YES;
				CLANG_WARN_INT_CONVERSION = YES;
				CLANG_WARN_NON_LITERAL_NULL_CONVERSION = YES;
				CLANG_WARN_OBJC_IMPLICIT_RETAIN_SELF = YES;
				CLANG_WARN_OBJC_LITERAL_CONVERSION = YES;
				CLANG_WARN_OBJC_ROOT_CLASS = YES_ERROR;
				CLANG_WARN_QUOTED_INCLUDE_IN_FRAMEWORK_HEADER = YES;
				CLANG_WARN_RANGE_LOOP_ANALYSIS = YES;
				CLANG_WARN_STRICT_PROTOTYPES = YES;
				CLANG_WARN_SUSPICIOUS_MOVE = YES;
				CLANG_WARN_UNGUARDED_AVAILABILITY = YES_AGGRESSIVE;
				CLANG_WARN_UNREACHABLE_CODE = YES;
				CLANG_WARN__DUPLICATE_METHOD_MATCH = YES;
				COPY_PHASE_STRIP = NO;
				DEBUG_INFORMATION_FORMAT = dwarf;
				ENABLE_STRICT_OBJC_MSGSEND = YES;
				ENABLE_TESTABILITY = YES;
				GCC_C_LANGUAGE_STANDARD = gnu11;
				GCC_DYNAMIC_NO_PIC = NO;
				GCC_NO_COMMON_BLOCKS = YES;
				GCC_OPTIMIZATION_LEVEL = 0;
				GCC_PREPROCESSOR_DEFINITIONS = (
					"DEBUG=1",
					"$(inherited)",
				);
				GCC_WARN_64_TO_32_BIT_CONVERSION = YES;
				GCC_WARN_ABOUT_RETURN_TYPE = YES_ERROR;
				GCC_WARN_UNDECLARED_SELECTOR = YES;
				GCC_WARN_UNINITIALIZED_AUTOS = YES_AGGRESSIVE;
				GCC_WARN_UNUSED_FUNCTION = YES;
				GCC_WARN_UNUSED_VARIABLE = YES;
				IPHONEOS_DEPLOYMENT_TARGET = 15.2;
				MTL_ENABLE_DEBUG_INFO = INCLUDE_SOURCE;
				MTL_FAST_MATH = YES;
				ONLY_ACTIVE_ARCH = YES;
				SDKROOT = iphoneos;
				SWIFT_ACTIVE_COMPILATION_CONDITIONS = DEBUG;
				SWIFT_OPTIMIZATION_LEVEL = "-Onone";
			};
			name = Debug;
		};
		DA505C4D276E59A000ECDDB1 /* Release */ = {
			isa = XCBuildConfiguration;
			buildSettings = {
				ALWAYS_SEARCH_USER_PATHS = NO;
				CLANG_ANALYZER_NONNULL = YES;
				CLANG_ANALYZER_NUMBER_OBJECT_CONVERSION = YES_AGGRESSIVE;
				CLANG_CXX_LANGUAGE_STANDARD = "gnu++17";
				CLANG_CXX_LIBRARY = "libc++";
				CLANG_ENABLE_MODULES = YES;
				CLANG_ENABLE_OBJC_ARC = YES;
				CLANG_ENABLE_OBJC_WEAK = YES;
				CLANG_WARN_BLOCK_CAPTURE_AUTORELEASING = YES;
				CLANG_WARN_BOOL_CONVERSION = YES;
				CLANG_WARN_COMMA = YES;
				CLANG_WARN_CONSTANT_CONVERSION = YES;
				CLANG_WARN_DEPRECATED_OBJC_IMPLEMENTATIONS = YES;
				CLANG_WARN_DIRECT_OBJC_ISA_USAGE = YES_ERROR;
				CLANG_WARN_DOCUMENTATION_COMMENTS = YES;
				CLANG_WARN_EMPTY_BODY = YES;
				CLANG_WARN_ENUM_CONVERSION = YES;
				CLANG_WARN_INFINITE_RECURSION = YES;
				CLANG_WARN_INT_CONVERSION = YES;
				CLANG_WARN_NON_LITERAL_NULL_CONVERSION = YES;
				CLANG_WARN_OBJC_IMPLICIT_RETAIN_SELF = YES;
				CLANG_WARN_OBJC_LITERAL_CONVERSION = YES;
				CLANG_WARN_OBJC_ROOT_CLASS = YES_ERROR;
				CLANG_WARN_QUOTED_INCLUDE_IN_FRAMEWORK_HEADER = YES;
				CLANG_WARN_RANGE_LOOP_ANALYSIS = YES;
				CLANG_WARN_STRICT_PROTOTYPES = YES;
				CLANG_WARN_SUSPICIOUS_MOVE = YES;
				CLANG_WARN_UNGUARDED_AVAILABILITY = YES_AGGRESSIVE;
				CLANG_WARN_UNREACHABLE_CODE = YES;
				CLANG_WARN__DUPLICATE_METHOD_MATCH = YES;
				COPY_PHASE_STRIP = NO;
				DEBUG_INFORMATION_FORMAT = "dwarf-with-dsym";
				ENABLE_NS_ASSERTIONS = NO;
				ENABLE_STRICT_OBJC_MSGSEND = YES;
				GCC_C_LANGUAGE_STANDARD = gnu11;
				GCC_NO_COMMON_BLOCKS = YES;
				GCC_WARN_64_TO_32_BIT_CONVERSION = YES;
				GCC_WARN_ABOUT_RETURN_TYPE = YES_ERROR;
				GCC_WARN_UNDECLARED_SELECTOR = YES;
				GCC_WARN_UNINITIALIZED_AUTOS = YES_AGGRESSIVE;
				GCC_WARN_UNUSED_FUNCTION = YES;
				GCC_WARN_UNUSED_VARIABLE = YES;
				IPHONEOS_DEPLOYMENT_TARGET = 15.2;
				MTL_ENABLE_DEBUG_INFO = NO;
				MTL_FAST_MATH = YES;
				SDKROOT = iphoneos;
				SWIFT_COMPILATION_MODE = wholemodule;
				SWIFT_OPTIMIZATION_LEVEL = "-O";
				VALIDATE_PRODUCT = YES;
			};
			name = Release;
		};
		DA505C4F276E59A000ECDDB1 /* Debug */ = {
			isa = XCBuildConfiguration;
			buildSettings = {
				ASSETCATALOG_COMPILER_APPICON_NAME = AppIcon;
				ASSETCATALOG_COMPILER_GLOBAL_ACCENT_COLOR_NAME = AccentColor;
				CODE_SIGN_STYLE = Automatic;
				CURRENT_PROJECT_VERSION = 1;
				DEVELOPMENT_ASSET_PATHS = "\"LIBER/Preview Content\"";
				DEVELOPMENT_TEAM = 3G24B7PD2R;
				ENABLE_PREVIEWS = YES;
				GENERATE_INFOPLIST_FILE = YES;
				INFOPLIST_FILE = LIBER/Info.plist;
				INFOPLIST_KEY_UIApplicationSceneManifest_Generation = YES;
				INFOPLIST_KEY_UIApplicationSupportsIndirectInputEvents = YES;
				INFOPLIST_KEY_UILaunchScreen_Generation = YES;
				INFOPLIST_KEY_UISupportedInterfaceOrientations = UIInterfaceOrientationPortrait;
				INFOPLIST_KEY_UISupportedInterfaceOrientations_iPad = "UIInterfaceOrientationPortrait UIInterfaceOrientationPortraitUpsideDown UIInterfaceOrientationLandscapeLeft UIInterfaceOrientationLandscapeRight";
				INFOPLIST_KEY_UISupportedInterfaceOrientations_iPhone = "UIInterfaceOrientationPortrait UIInterfaceOrientationLandscapeLeft UIInterfaceOrientationLandscapeRight";
				LD_RUNPATH_SEARCH_PATHS = (
					"$(inherited)",
					"@executable_path/Frameworks",
				);
				MARKETING_VERSION = 1.0;
				PRODUCT_BUNDLE_IDENTIFIER = com.sreekuttan.LIBER;
				PRODUCT_NAME = "$(TARGET_NAME)";
				SWIFT_EMIT_LOC_STRINGS = YES;
				SWIFT_VERSION = 5.0;
				TARGETED_DEVICE_FAMILY = "1,2";
			};
			name = Debug;
		};
		DA505C50276E59A000ECDDB1 /* Release */ = {
			isa = XCBuildConfiguration;
			buildSettings = {
				ASSETCATALOG_COMPILER_APPICON_NAME = AppIcon;
				ASSETCATALOG_COMPILER_GLOBAL_ACCENT_COLOR_NAME = AccentColor;
				CODE_SIGN_STYLE = Automatic;
				CURRENT_PROJECT_VERSION = 1;
				DEVELOPMENT_ASSET_PATHS = "\"LIBER/Preview Content\"";
				DEVELOPMENT_TEAM = 3G24B7PD2R;
				ENABLE_PREVIEWS = YES;
				GENERATE_INFOPLIST_FILE = YES;
				INFOPLIST_FILE = LIBER/Info.plist;
				INFOPLIST_KEY_UIApplicationSceneManifest_Generation = YES;
				INFOPLIST_KEY_UIApplicationSupportsIndirectInputEvents = YES;
				INFOPLIST_KEY_UILaunchScreen_Generation = YES;
				INFOPLIST_KEY_UISupportedInterfaceOrientations = UIInterfaceOrientationPortrait;
				INFOPLIST_KEY_UISupportedInterfaceOrientations_iPad = "UIInterfaceOrientationPortrait UIInterfaceOrientationPortraitUpsideDown UIInterfaceOrientationLandscapeLeft UIInterfaceOrientationLandscapeRight";
				INFOPLIST_KEY_UISupportedInterfaceOrientations_iPhone = "UIInterfaceOrientationPortrait UIInterfaceOrientationLandscapeLeft UIInterfaceOrientationLandscapeRight";
				LD_RUNPATH_SEARCH_PATHS = (
					"$(inherited)",
					"@executable_path/Frameworks",
				);
				MARKETING_VERSION = 1.0;
				PRODUCT_BUNDLE_IDENTIFIER = com.sreekuttan.LIBER;
				PRODUCT_NAME = "$(TARGET_NAME)";
				SWIFT_EMIT_LOC_STRINGS = YES;
				SWIFT_VERSION = 5.0;
				TARGETED_DEVICE_FAMILY = "1,2";
			};
			name = Release;
		};
/* End XCBuildConfiguration section */

/* Begin XCConfigurationList section */
		DA505C3B276E599C00ECDDB1 /* Build configuration list for PBXProject "LIBER" */ = {
			isa = XCConfigurationList;
			buildConfigurations = (
				DA505C4C276E59A000ECDDB1 /* Debug */,
				DA505C4D276E59A000ECDDB1 /* Release */,
			);
			defaultConfigurationIsVisible = 0;
			defaultConfigurationName = Release;
		};
		DA505C4E276E59A000ECDDB1 /* Build configuration list for PBXNativeTarget "LIBER" */ = {
			isa = XCConfigurationList;
			buildConfigurations = (
				DA505C4F276E59A000ECDDB1 /* Debug */,
				DA505C50276E59A000ECDDB1 /* Release */,
			);
			defaultConfigurationIsVisible = 0;
			defaultConfigurationName = Release;
		};
/* End XCConfigurationList section */

/* Begin XCRemoteSwiftPackageReference section */
		DAFEB5472774DD3200E20B0A /* XCRemoteSwiftPackageReference "firebase-ios-sdk" */ = {
			isa = XCRemoteSwiftPackageReference;
			repositoryURL = "https://github.com/firebase/firebase-ios-sdk.git";
			requirement = {
				kind = upToNextMajorVersion;
				minimumVersion = 8.0.0;
			};
		};
		DAFEB567277CEE6C00E20B0A /* XCRemoteSwiftPackageReference "SDWebImageSwiftUI" */ = {
			isa = XCRemoteSwiftPackageReference;
			repositoryURL = "https://github.com/SDWebImage/SDWebImageSwiftUI.git";
			requirement = {
				kind = upToNextMajorVersion;
				minimumVersion = 2.0.0;
			};
		};
/* End XCRemoteSwiftPackageReference section */

/* Begin XCSwiftPackageProductDependency section */
		DAFEB5482774DD3200E20B0A /* FirebaseAuth */ = {
			isa = XCSwiftPackageProductDependency;
			package = DAFEB5472774DD3200E20B0A /* XCRemoteSwiftPackageReference "firebase-ios-sdk" */;
			productName = FirebaseAuth;
		};
		DAFEB54A2774DD3200E20B0A /* FirebaseFirestore */ = {
			isa = XCSwiftPackageProductDependency;
			package = DAFEB5472774DD3200E20B0A /* XCRemoteSwiftPackageReference "firebase-ios-sdk" */;
			productName = FirebaseFirestore;
		};
		DAFEB54C2774DD3200E20B0A /* FirebaseFirestoreSwift-Beta */ = {
			isa = XCSwiftPackageProductDependency;
			package = DAFEB5472774DD3200E20B0A /* XCRemoteSwiftPackageReference "firebase-ios-sdk" */;
			productName = "FirebaseFirestoreSwift-Beta";
		};
		DAFEB54E2774DD3200E20B0A /* FirebaseMessaging */ = {
			isa = XCSwiftPackageProductDependency;
			package = DAFEB5472774DD3200E20B0A /* XCRemoteSwiftPackageReference "firebase-ios-sdk" */;
			productName = FirebaseMessaging;
		};
		DAFEB5502774DD3200E20B0A /* FirebaseStorage */ = {
			isa = XCSwiftPackageProductDependency;
			package = DAFEB5472774DD3200E20B0A /* XCRemoteSwiftPackageReference "firebase-ios-sdk" */;
			productName = FirebaseStorage;
		};
		DAFEB5522774DD3200E20B0A /* FirebaseStorageSwift-Beta */ = {
			isa = XCSwiftPackageProductDependency;
			package = DAFEB5472774DD3200E20B0A /* XCRemoteSwiftPackageReference "firebase-ios-sdk" */;
			productName = "FirebaseStorageSwift-Beta";
		};
		DAFEB568277CEE6D00E20B0A /* SDWebImageSwiftUI */ = {
			isa = XCSwiftPackageProductDependency;
			package = DAFEB567277CEE6C00E20B0A /* XCRemoteSwiftPackageReference "SDWebImageSwiftUI" */;
			productName = SDWebImageSwiftUI;
		};
/* End XCSwiftPackageProductDependency section */

/* Begin XCVersionGroup section */
		DAF1ADBB27A1CD350065D64A /* ContactContainer.xcdatamodeld */ = {
			isa = XCVersionGroup;
			children = (
				DAF1ADBC27A1CD350065D64A /* Contact.xcdatamodel */,
			);
			currentVersion = DAF1ADBC27A1CD350065D64A /* Contact.xcdatamodel */;
			path = ContactContainer.xcdatamodeld;
			sourceTree = "<group>";
			versionGroupType = wrapper.xcdatamodel;
		};
/* End XCVersionGroup section */
	};
	rootObject = DA505C38276E599C00ECDDB1 /* Project object */;
}
